
Microsoft Visual Studio Solution File, Format Version 12.00
# Visual Studio 15
VisualStudioVersion = 15.0.28010.2050
MinimumVisualStudioVersion = 10.0.40219.1
Project("{FAE04EC0-301F-11D3-BF4B-00C04F79EFBC}") = "ThreadExample", "ConsoleApp1\ThreadExample.csproj", "{7474828E-898D-44B1-83BD-E3DD255B221C}"
EndProject
Global
	GlobalSection(SolutionConfigurationPlatforms) = preSolution
		Debug|Any CPU = Debug|Any CPU
		Release|Any CPU = Release|Any CPU
	EndGlobalSection
	GlobalSection(ProjectConfigurationPlatforms) = postSolution
		{7474828E-898D-44B1-83BD-E3DD255B221C}.Debug|Any CPU.ActiveCfg = Debug|Any CPU
		{7474828E-898D-44B1-83BD-E3DD255B221C}.Debug|Any CPU.Build.0 = Debug|Any CPU
		{7474828E-898D-44B1-83BD-E3DD255B221C}.Release|Any CPU.ActiveCfg = Release|Any CPU
		{7474828E-898D-44B1-83BD-E3DD255B221C}.Release|Any CPU.Build.0 = Release|Any CPU
	EndGlobalSection
	GlobalSection(SolutionProperties) = preSolution
		HideSolutionNode = FALSE
	EndGlobalSection
	GlobalSection(ExtensibilityGlobals) = postSolution
		SolutionGuid = {4EC42DC2-78CE-4269-8451-3513EAC40CB8}
	EndGlobalSection
EndGlobal
