
Microsoft Visual Studio Solution File, Format Version 12.00
# Visual Studio 15
VisualStudioVersion = 15.0.28010.2050
MinimumVisualStudioVersion = 10.0.40219.1
Project("{FAE04EC0-301F-11D3-BF4B-00C04F79EFBC}") = "Pirate_exam", "Pirate_exam\Pirate_exam.csproj", "{ED6578A7-F02E-4F5B-930F-1389E1BAE48A}"
EndProject
Global
	GlobalSection(SolutionConfigurationPlatforms) = preSolution
		Debug|Any CPU = Debug|Any CPU
		Release|Any CPU = Release|Any CPU
	EndGlobalSection
	GlobalSection(ProjectConfigurationPlatforms) = postSolution
		{ED6578A7-F02E-4F5B-930F-1389E1BAE48A}.Debug|Any CPU.ActiveCfg = Debug|Any CPU
		{ED6578A7-F02E-4F5B-930F-1389E1BAE48A}.Debug|Any CPU.Build.0 = Debug|Any CPU
		{ED6578A7-F02E-4F5B-930F-1389E1BAE48A}.Release|Any CPU.ActiveCfg = Release|Any CPU
		{ED6578A7-F02E-4F5B-930F-1389E1BAE48A}.Release|Any CPU.Build.0 = Release|Any CPU
	EndGlobalSection
	GlobalSection(SolutionProperties) = preSolution
		HideSolutionNode = FALSE
	EndGlobalSection
	GlobalSection(ExtensibilityGlobals) = postSolution
		SolutionGuid = {86920DD5-394D-4512-A038-53138BA3D873}
	EndGlobalSection
EndGlobal
