
Microsoft Visual Studio Solution File, Format Version 12.00
# Visual Studio 15
VisualStudioVersion = 15.0.28307.168
MinimumVisualStudioVersion = 10.0.40219.1
Project("{FAE04EC0-301F-11D3-BF4B-00C04F79EFBC}") = "ConsumerProducer", "ConsumerProducer\ConsumerProducer.csproj", "{3F818CF4-DC33-49E3-B65D-090E118BAEF7}"
EndProject
Global
	GlobalSection(SolutionConfigurationPlatforms) = preSolution
		Debug|Any CPU = Debug|Any CPU
		Release|Any CPU = Release|Any CPU
	EndGlobalSection
	GlobalSection(ProjectConfigurationPlatforms) = postSolution
		{3F818CF4-DC33-49E3-B65D-090E118BAEF7}.Debug|Any CPU.ActiveCfg = Debug|Any CPU
		{3F818CF4-DC33-49E3-B65D-090E118BAEF7}.Debug|Any CPU.Build.0 = Debug|Any CPU
		{3F818CF4-DC33-49E3-B65D-090E118BAEF7}.Release|Any CPU.ActiveCfg = Release|Any CPU
		{3F818CF4-DC33-49E3-B65D-090E118BAEF7}.Release|Any CPU.Build.0 = Release|Any CPU
	EndGlobalSection
	GlobalSection(SolutionProperties) = preSolution
		HideSolutionNode = FALSE
	EndGlobalSection
	GlobalSection(ExtensibilityGlobals) = postSolution
		SolutionGuid = {5A26D5FE-ACA3-4378-A4E1-6AD3D4506732}
	EndGlobalSection
EndGlobal
