
Microsoft Visual Studio Solution File, Format Version 12.00
# Visual Studio 15
VisualStudioVersion = 15.0.28010.2050
MinimumVisualStudioVersion = 10.0.40219.1
Project("{FAE04EC0-301F-11D3-BF4B-00C04F79EFBC}") = "week2-day3-workshop", "week2-day3-workshop\week2-day3-workshop.csproj", "{4E36AAE1-BFB3-4C7C-8C46-814980F271E6}"
EndProject
Global
	GlobalSection(SolutionConfigurationPlatforms) = preSolution
		Debug|Any CPU = Debug|Any CPU
		Release|Any CPU = Release|Any CPU
	EndGlobalSection
	GlobalSection(ProjectConfigurationPlatforms) = postSolution
		{4E36AAE1-BFB3-4C7C-8C46-814980F271E6}.Debug|Any CPU.ActiveCfg = Debug|Any CPU
		{4E36AAE1-BFB3-4C7C-8C46-814980F271E6}.Debug|Any CPU.Build.0 = Debug|Any CPU
		{4E36AAE1-BFB3-4C7C-8C46-814980F271E6}.Release|Any CPU.ActiveCfg = Release|Any CPU
		{4E36AAE1-BFB3-4C7C-8C46-814980F271E6}.Release|Any CPU.Build.0 = Release|Any CPU
	EndGlobalSection
	GlobalSection(SolutionProperties) = preSolution
		HideSolutionNode = FALSE
	EndGlobalSection
	GlobalSection(ExtensibilityGlobals) = postSolution
		SolutionGuid = {4B5BA7F8-6F46-4B17-9829-154CA0391A63}
	EndGlobalSection
EndGlobal
