
Microsoft Visual Studio Solution File, Format Version 12.00
# Visual Studio 15
VisualStudioVersion = 15.0.28307.106
MinimumVisualStudioVersion = 10.0.40219.1
Project("{FAE04EC0-301F-11D3-BF4B-00C04F79EFBC}") = "ImageUploadService", "ImageUploadService\ImageUploadService.csproj", "{0EB7A954-D013-496E-A918-F3E5960C16CE}"
EndProject
Project("{FAE04EC0-301F-11D3-BF4B-00C04F79EFBC}") = "ImageResizeService", "ImageResizeService\ImageResizeService.csproj", "{FFEC9BBA-0F90-40E6-85F8-5B0B3B068226}"
EndProject
Global
	GlobalSection(SolutionConfigurationPlatforms) = preSolution
		Debug|Any CPU = Debug|Any CPU
		Release|Any CPU = Release|Any CPU
	EndGlobalSection
	GlobalSection(ProjectConfigurationPlatforms) = postSolution
		{0EB7A954-D013-496E-A918-F3E5960C16CE}.Debug|Any CPU.ActiveCfg = Debug|Any CPU
		{0EB7A954-D013-496E-A918-F3E5960C16CE}.Debug|Any CPU.Build.0 = Debug|Any CPU
		{0EB7A954-D013-496E-A918-F3E5960C16CE}.Release|Any CPU.ActiveCfg = Release|Any CPU
		{0EB7A954-D013-496E-A918-F3E5960C16CE}.Release|Any CPU.Build.0 = Release|Any CPU
		{FFEC9BBA-0F90-40E6-85F8-5B0B3B068226}.Debug|Any CPU.ActiveCfg = Debug|Any CPU
		{FFEC9BBA-0F90-40E6-85F8-5B0B3B068226}.Debug|Any CPU.Build.0 = Debug|Any CPU
		{FFEC9BBA-0F90-40E6-85F8-5B0B3B068226}.Release|Any CPU.ActiveCfg = Release|Any CPU
		{FFEC9BBA-0F90-40E6-85F8-5B0B3B068226}.Release|Any CPU.Build.0 = Release|Any CPU
	EndGlobalSection
	GlobalSection(SolutionProperties) = preSolution
		HideSolutionNode = FALSE
	EndGlobalSection
	GlobalSection(ExtensibilityGlobals) = postSolution
		SolutionGuid = {E00FB6C8-630E-4C3C-AEFF-7BE93647CD48}
	EndGlobalSection
EndGlobal
