
Microsoft Visual Studio Solution File, Format Version 12.00
# Visual Studio 15
VisualStudioVersion = 15.0.28010.2050
MinimumVisualStudioVersion = 10.0.40219.1
Project("{FAE04EC0-301F-11D3-BF4B-00C04F79EFBC}") = "program1", "program1\program1.csproj", "{ACB290E4-100A-45AD-9DDA-26E273EAE902}"
EndProject
Global
	GlobalSection(SolutionConfigurationPlatforms) = preSolution
		Debug|Any CPU = Debug|Any CPU
		Release|Any CPU = Release|Any CPU
	EndGlobalSection
	GlobalSection(ProjectConfigurationPlatforms) = postSolution
		{ACB290E4-100A-45AD-9DDA-26E273EAE902}.Debug|Any CPU.ActiveCfg = Debug|Any CPU
		{ACB290E4-100A-45AD-9DDA-26E273EAE902}.Debug|Any CPU.Build.0 = Debug|Any CPU
		{ACB290E4-100A-45AD-9DDA-26E273EAE902}.Release|Any CPU.ActiveCfg = Release|Any CPU
		{ACB290E4-100A-45AD-9DDA-26E273EAE902}.Release|Any CPU.Build.0 = Release|Any CPU
	EndGlobalSection
	GlobalSection(SolutionProperties) = preSolution
		HideSolutionNode = FALSE
	EndGlobalSection
	GlobalSection(ExtensibilityGlobals) = postSolution
		SolutionGuid = {18E4313B-E040-4CA1-8D50-1D6EC4E7B74E}
	EndGlobalSection
EndGlobal
