
Microsoft Visual Studio Solution File, Format Version 12.00
# Visual Studio 15
VisualStudioVersion = 15.0.28010.2050
MinimumVisualStudioVersion = 10.0.40219.1
Project("{FAE04EC0-301F-11D3-BF4B-00C04F79EFBC}") = "ExamProject", "ExamProject\ExamProject.csproj", "{A3F633B5-0F7C-4DE4-A158-8F276F9A266D}"
EndProject
Project("{FAE04EC0-301F-11D3-BF4B-00C04F79EFBC}") = "ExamProject.test", "ExamProject.test\ExamProject.test.csproj", "{5B7EE10B-0FBE-420C-AAF9-32F14E6D098A}"
EndProject
Global
	GlobalSection(SolutionConfigurationPlatforms) = preSolution
		Debug|Any CPU = Debug|Any CPU
		Release|Any CPU = Release|Any CPU
	EndGlobalSection
	GlobalSection(ProjectConfigurationPlatforms) = postSolution
		{A3F633B5-0F7C-4DE4-A158-8F276F9A266D}.Debug|Any CPU.ActiveCfg = Debug|Any CPU
		{A3F633B5-0F7C-4DE4-A158-8F276F9A266D}.Debug|Any CPU.Build.0 = Debug|Any CPU
		{A3F633B5-0F7C-4DE4-A158-8F276F9A266D}.Release|Any CPU.ActiveCfg = Release|Any CPU
		{A3F633B5-0F7C-4DE4-A158-8F276F9A266D}.Release|Any CPU.Build.0 = Release|Any CPU
		{5B7EE10B-0FBE-420C-AAF9-32F14E6D098A}.Debug|Any CPU.ActiveCfg = Debug|Any CPU
		{5B7EE10B-0FBE-420C-AAF9-32F14E6D098A}.Debug|Any CPU.Build.0 = Debug|Any CPU
		{5B7EE10B-0FBE-420C-AAF9-32F14E6D098A}.Release|Any CPU.ActiveCfg = Release|Any CPU
		{5B7EE10B-0FBE-420C-AAF9-32F14E6D098A}.Release|Any CPU.Build.0 = Release|Any CPU
	EndGlobalSection
	GlobalSection(SolutionProperties) = preSolution
		HideSolutionNode = FALSE
	EndGlobalSection
	GlobalSection(ExtensibilityGlobals) = postSolution
		SolutionGuid = {9A6E8BE6-0938-4142-A909-EFC15595EE6A}
	EndGlobalSection
EndGlobal
