
Microsoft Visual Studio Solution File, Format Version 12.00
# Visual Studio 15
VisualStudioVersion = 15.0.28010.2050
MinimumVisualStudioVersion = 10.0.40219.1
Project("{FAE04EC0-301F-11D3-BF4B-00C04F79EFBC}") = "FoxClubProject", "FoxClubProject\FoxClubProject.csproj", "{14F9D70C-9CB0-4212-A623-9A090E8D6D53}"
EndProject
Global
	GlobalSection(SolutionConfigurationPlatforms) = preSolution
		Debug|Any CPU = Debug|Any CPU
		Release|Any CPU = Release|Any CPU
	EndGlobalSection
	GlobalSection(ProjectConfigurationPlatforms) = postSolution
		{14F9D70C-9CB0-4212-A623-9A090E8D6D53}.Debug|Any CPU.ActiveCfg = Debug|Any CPU
		{14F9D70C-9CB0-4212-A623-9A090E8D6D53}.Debug|Any CPU.Build.0 = Debug|Any CPU
		{14F9D70C-9CB0-4212-A623-9A090E8D6D53}.Release|Any CPU.ActiveCfg = Release|Any CPU
		{14F9D70C-9CB0-4212-A623-9A090E8D6D53}.Release|Any CPU.Build.0 = Release|Any CPU
	EndGlobalSection
	GlobalSection(SolutionProperties) = preSolution
		HideSolutionNode = FALSE
	EndGlobalSection
	GlobalSection(ExtensibilityGlobals) = postSolution
		SolutionGuid = {350CDE47-D6A7-4D8B-8922-6C2091BED2A5}
	EndGlobalSection
EndGlobal
