
Microsoft Visual Studio Solution File, Format Version 12.00
# Visual Studio 15
VisualStudioVersion = 15.0.28010.2050
MinimumVisualStudioVersion = 10.0.40219.1
Project("{FAE04EC0-301F-11D3-BF4B-00C04F79EFBC}") = "DelegateAndLinq", "DelegateAndLinq\DelegateAndLinq.csproj", "{DD986598-4C74-4121-937D-C28CCC6F6625}"
EndProject
Project("{2150E333-8FDC-42A3-9474-1A3956D46DE8}") = "Solution Items", "Solution Items", "{BE05A4AB-D1BB-4FCA-9B24-9A33B8A86A74}"
	ProjectSection(SolutionItems) = preProject
		Content.txt = Content.txt
		swcharacters.txt = swcharacters.txt
	EndProjectSection
EndProject
Global
	GlobalSection(SolutionConfigurationPlatforms) = preSolution
		Debug|Any CPU = Debug|Any CPU
		Release|Any CPU = Release|Any CPU
	EndGlobalSection
	GlobalSection(ProjectConfigurationPlatforms) = postSolution
		{DD986598-4C74-4121-937D-C28CCC6F6625}.Debug|Any CPU.ActiveCfg = Debug|Any CPU
		{DD986598-4C74-4121-937D-C28CCC6F6625}.Debug|Any CPU.Build.0 = Debug|Any CPU
		{DD986598-4C74-4121-937D-C28CCC6F6625}.Release|Any CPU.ActiveCfg = Release|Any CPU
		{DD986598-4C74-4121-937D-C28CCC6F6625}.Release|Any CPU.Build.0 = Release|Any CPU
	EndGlobalSection
	GlobalSection(SolutionProperties) = preSolution
		HideSolutionNode = FALSE
	EndGlobalSection
	GlobalSection(ExtensibilityGlobals) = postSolution
		SolutionGuid = {2523C2C1-FA7D-4978-9923-CB734EF4455C}
	EndGlobalSection
EndGlobal
