
Microsoft Visual Studio Solution File, Format Version 12.00
# Visual Studio 15
VisualStudioVersion = 15.0.28010.2050
MinimumVisualStudioVersion = 10.0.40219.1
Project("{FAE04EC0-301F-11D3-BF4B-00C04F79EFBC}") = "program4", "program4\program4.csproj", "{1F7A1D08-3C6B-4E68-933A-017F2C71CDCA}"
EndProject
Global
	GlobalSection(SolutionConfigurationPlatforms) = preSolution
		Debug|Any CPU = Debug|Any CPU
		Release|Any CPU = Release|Any CPU
	EndGlobalSection
	GlobalSection(ProjectConfigurationPlatforms) = postSolution
		{1F7A1D08-3C6B-4E68-933A-017F2C71CDCA}.Debug|Any CPU.ActiveCfg = Debug|Any CPU
		{1F7A1D08-3C6B-4E68-933A-017F2C71CDCA}.Debug|Any CPU.Build.0 = Debug|Any CPU
		{1F7A1D08-3C6B-4E68-933A-017F2C71CDCA}.Release|Any CPU.ActiveCfg = Release|Any CPU
		{1F7A1D08-3C6B-4E68-933A-017F2C71CDCA}.Release|Any CPU.Build.0 = Release|Any CPU
	EndGlobalSection
	GlobalSection(SolutionProperties) = preSolution
		HideSolutionNode = FALSE
	EndGlobalSection
	GlobalSection(ExtensibilityGlobals) = postSolution
		SolutionGuid = {15678B36-6A03-4680-BAE6-2ABA851AC490}
	EndGlobalSection
EndGlobal
